
Microsoft Visual Studio Solution File, Format Version 12.00
# Visual Studio 15
VisualStudioVersion = 15.0.26430.16
MinimumVisualStudioVersion = 10.0.40219.1
Project("{FAE04EC0-301F-11D3-BF4B-00C04F79EFBC}") = "Person", "01.Person\Person.csproj", "{7A0EB867-D5C9-45E9-8BA0-938962BC0E2C}"
EndProject
Project("{FAE04EC0-301F-11D3-BF4B-00C04F79EFBC}") = "BookShop", "02.BookShop\BookShop.csproj", "{01C4515E-F8BF-4BEC-823A-8DDC39762D36}"
EndProject
Project("{FAE04EC0-301F-11D3-BF4B-00C04F79EFBC}") = "Mankind", "03.Mankind\Mankind.csproj", "{A2B5914E-7FF3-4585-93E5-FD81BF1C251F}"
EndProject
Project("{FAE04EC0-301F-11D3-BF4B-00C04F79EFBC}") = "OnlineRadioDatabase", "04.OnlineRadioDatabase\OnlineRadioDatabase.csproj", "{46BC9348-D985-4362-BF4B-E6A30AED3142}"
EndProject
Project("{FAE04EC0-301F-11D3-BF4B-00C04F79EFBC}") = "MordorsCrueltyPlan", "05.MordorsCrueltyPlan\MordorsCrueltyPlan.csproj", "{A9DC9ABD-3089-4E85-BC96-3C2BE07A6D7F}"
EndProject
Global
	GlobalSection(SolutionConfigurationPlatforms) = preSolution
		Debug|Any CPU = Debug|Any CPU
		Release|Any CPU = Release|Any CPU
	EndGlobalSection
	GlobalSection(ProjectConfigurationPlatforms) = postSolution
		{7A0EB867-D5C9-45E9-8BA0-938962BC0E2C}.Debug|Any CPU.ActiveCfg = Debug|Any CPU
		{7A0EB867-D5C9-45E9-8BA0-938962BC0E2C}.Debug|Any CPU.Build.0 = Debug|Any CPU
		{7A0EB867-D5C9-45E9-8BA0-938962BC0E2C}.Release|Any CPU.ActiveCfg = Release|Any CPU
		{7A0EB867-D5C9-45E9-8BA0-938962BC0E2C}.Release|Any CPU.Build.0 = Release|Any CPU
		{01C4515E-F8BF-4BEC-823A-8DDC39762D36}.Debug|Any CPU.ActiveCfg = Debug|Any CPU
		{01C4515E-F8BF-4BEC-823A-8DDC39762D36}.Debug|Any CPU.Build.0 = Debug|Any CPU
		{01C4515E-F8BF-4BEC-823A-8DDC39762D36}.Release|Any CPU.ActiveCfg = Release|Any CPU
		{01C4515E-F8BF-4BEC-823A-8DDC39762D36}.Release|Any CPU.Build.0 = Release|Any CPU
		{A2B5914E-7FF3-4585-93E5-FD81BF1C251F}.Debug|Any CPU.ActiveCfg = Debug|Any CPU
		{A2B5914E-7FF3-4585-93E5-FD81BF1C251F}.Debug|Any CPU.Build.0 = Debug|Any CPU
		{A2B5914E-7FF3-4585-93E5-FD81BF1C251F}.Release|Any CPU.ActiveCfg = Release|Any CPU
		{A2B5914E-7FF3-4585-93E5-FD81BF1C251F}.Release|Any CPU.Build.0 = Release|Any CPU
		{46BC9348-D985-4362-BF4B-E6A30AED3142}.Debug|Any CPU.ActiveCfg = Debug|Any CPU
		{46BC9348-D985-4362-BF4B-E6A30AED3142}.Debug|Any CPU.Build.0 = Debug|Any CPU
		{46BC9348-D985-4362-BF4B-E6A30AED3142}.Release|Any CPU.ActiveCfg = Release|Any CPU
		{46BC9348-D985-4362-BF4B-E6A30AED3142}.Release|Any CPU.Build.0 = Release|Any CPU
		{A9DC9ABD-3089-4E85-BC96-3C2BE07A6D7F}.Debug|Any CPU.ActiveCfg = Debug|Any CPU
		{A9DC9ABD-3089-4E85-BC96-3C2BE07A6D7F}.Debug|Any CPU.Build.0 = Debug|Any CPU
		{A9DC9ABD-3089-4E85-BC96-3C2BE07A6D7F}.Release|Any CPU.ActiveCfg = Release|Any CPU
		{A9DC9ABD-3089-4E85-BC96-3C2BE07A6D7F}.Release|Any CPU.Build.0 = Release|Any CPU
	EndGlobalSection
	GlobalSection(SolutionProperties) = preSolution
		HideSolutionNode = FALSE
	EndGlobalSection
EndGlobal
